// !$*UTF8*$!
{
	archiveVersion = 1;
	classes = {
	};
	objectVersion = 60;
	objects = {

/* Begin PBXBuildFile section */
		00E356F31AD99517003FC87E /* ITA_Labs_MobileTests.m in Sources */ = {isa = PBXBuildFile; fileRef = 00E356F21AD99517003FC87E /* ITA_Labs_MobileTests.m */; };
		015861FF4E124C988118ABCE /* IBMPlexSans-Medium.ttf in Resources */ = {isa = PBXBuildFile; fileRef = 8948BC8D7FAE4178BEEA539B /* IBMPlexSans-Medium.ttf */; };
		01E9A5FE8A41448D9BB1410D /* IBMPlexSans-Italic.ttf in Resources */ = {isa = PBXBuildFile; fileRef = F65E32EA7D1F44F8873E54E7 /* IBMPlexSans-Italic.ttf */; };
		0C80B921A6F3F58F76C31292 /* libPods-ITA_Labs_Mobile.a in Frameworks */ = {isa = PBXBuildFile; fileRef = 5DCACB8F33CDC322A6C60F78 /* libPods-ITA_Labs_Mobile.a */; };
		13B07FBC1A68108700A75B9A /* AppDelegate.mm in Sources */ = {isa = PBXBuildFile; fileRef = 13B07FB01A68108700A75B9A /* AppDelegate.mm */; };
		13B07FBF1A68108700A75B9A /* Images.xcassets in Resources */ = {isa = PBXBuildFile; fileRef = 13B07FB51A68108700A75B9A /* Images.xcassets */; };
		13B07FC11A68108700A75B9A /* main.m in Sources */ = {isa = PBXBuildFile; fileRef = 13B07FB71A68108700A75B9A /* main.m */; };
		181F8AB62B75228100192FCD /* Network.framework in Frameworks */ = {isa = PBXBuildFile; fileRef = 181F8AB52B75228100192FCD /* Network.framework */; };
		1A3AF7D809A74B2189C2F179 /* IBMPlexSans-SemiBold.ttf in Resources */ = {isa = PBXBuildFile; fileRef = 5467798FC7FB43048C656616 /* IBMPlexSans-SemiBold.ttf */; };
		1ED9EDFED8F241DA80346D25 /* IBMPlexSans-BoldItalic.ttf in Resources */ = {isa = PBXBuildFile; fileRef = 0BCFD8535589440BB177211A /* IBMPlexSans-BoldItalic.ttf */; };
		6144508EECAE471C94C7154F /* IBMPlexSans-Thin.ttf in Resources */ = {isa = PBXBuildFile; fileRef = 407678A1F7D64CD99CFA8DE0 /* IBMPlexSans-Thin.ttf */; };
		7699B88040F8A987B510C191 /* libPods-ITA_Labs_Mobile-ITA_Labs_MobileTests.a in Frameworks */ = {isa = PBXBuildFile; fileRef = 19F6CBCC0A4E27FBF8BF4A61 /* libPods-ITA_Labs_Mobile-ITA_Labs_MobileTests.a */; };
		81AB9BB82411601600AC10FF /* LaunchScreen.storyboard in Resources */ = {isa = PBXBuildFile; fileRef = 81AB9BB72411601600AC10FF /* LaunchScreen.storyboard */; };
		9DD0C778A0C84DEBAAE3C245 /* IBMPlexSans-SemiBoldItalic.ttf in Resources */ = {isa = PBXBuildFile; fileRef = E97799EDBFB6449CABA53160 /* IBMPlexSans-SemiBoldItalic.ttf */; };
		AB1C694535FF48F3B1C32A17 /* IBMPlexSans-Light.ttf in Resources */ = {isa = PBXBuildFile; fileRef = DAB73331659A48FBA1680E2B /* IBMPlexSans-Light.ttf */; };
		B5158D7B7820441A8994005A /* IBMPlexSans-Regular.ttf in Resources */ = {isa = PBXBuildFile; fileRef = 437F9E04B5EF4A429B17DC16 /* IBMPlexSans-Regular.ttf */; };
		CB768D9CCDBF45D7B6158481 /* IBMPlexSans-ExtraLightItalic.ttf in Resources */ = {isa = PBXBuildFile; fileRef = 3FB4BB80039E4E828BE27369 /* IBMPlexSans-ExtraLightItalic.ttf */; };
		CE3EFB50EF044F19BFF2D4E5 /* IBMPlexSans-ExtraLight.ttf in Resources */ = {isa = PBXBuildFile; fileRef = BE605DF99F4345F8BA359138 /* IBMPlexSans-ExtraLight.ttf */; };
		D01893A14912476C99EA8DDA /* IBMPlexSans-ThinItalic.ttf in Resources */ = {isa = PBXBuildFile; fileRef = E5BF67DB48604C029A006920 /* IBMPlexSans-ThinItalic.ttf */; };
		E112F7486F39454782765A0D /* IBMPlexSans-LightItalic.ttf in Resources */ = {isa = PBXBuildFile; fileRef = 1D4654B4950B410F811637CD /* IBMPlexSans-LightItalic.ttf */; };
		F71E9855B52C471A90B7951E /* IBMPlexSans-MediumItalic.ttf in Resources */ = {isa = PBXBuildFile; fileRef = B340FB67CD6F491FB1975C12 /* IBMPlexSans-MediumItalic.ttf */; };
		FA7C8CEBD3C64FD499A2D0B0 /* IBMPlexSans-Bold.ttf in Resources */ = {isa = PBXBuildFile; fileRef = BFD827CD2DDE4A92A921A801 /* IBMPlexSans-Bold.ttf */; };
/* End PBXBuildFile section */

/* Begin PBXContainerItemProxy section */
		00E356F41AD99517003FC87E /* PBXContainerItemProxy */ = {
			isa = PBXContainerItemProxy;
			containerPortal = 83CBB9F71A601CBA00E9B192 /* Project object */;
			proxyType = 1;
			remoteGlobalIDString = 13B07F861A680F5B00A75B9A;
			remoteInfo = ITA_Labs_Mobile;
		};
/* End PBXContainerItemProxy section */

/* Begin PBXFileReference section */
		00E356EE1AD99517003FC87E /* ITA_Labs_MobileTests.xctest */ = {isa = PBXFileReference; explicitFileType = wrapper.cfbundle; includeInIndex = 0; path = ITA_Labs_MobileTests.xctest; sourceTree = BUILT_PRODUCTS_DIR; };
		00E356F11AD99517003FC87E /* Info.plist */ = {isa = PBXFileReference; lastKnownFileType = text.plist.xml; path = Info.plist; sourceTree = "<group>"; };
		00E356F21AD99517003FC87E /* ITA_Labs_MobileTests.m */ = {isa = PBXFileReference; lastKnownFileType = sourcecode.c.objc; path = ITA_Labs_MobileTests.m; sourceTree = "<group>"; };
		0BCFD8535589440BB177211A /* IBMPlexSans-BoldItalic.ttf */ = {isa = PBXFileReference; explicitFileType = undefined; fileEncoding = 9; includeInIndex = 0; lastKnownFileType = unknown; name = "IBMPlexSans-BoldItalic.ttf"; path = "../src/assets/fonts/IBMPlexSans-BoldItalic.ttf"; sourceTree = "<group>"; };
		13B07F961A680F5B00A75B9A /* ITA_Labs_Mobile.app */ = {isa = PBXFileReference; explicitFileType = wrapper.application; includeInIndex = 0; path = ITA_Labs_Mobile.app; sourceTree = BUILT_PRODUCTS_DIR; };
		13B07FAF1A68108700A75B9A /* AppDelegate.h */ = {isa = PBXFileReference; fileEncoding = 4; lastKnownFileType = sourcecode.c.h; name = AppDelegate.h; path = ITA_Labs_Mobile/AppDelegate.h; sourceTree = "<group>"; };
		13B07FB01A68108700A75B9A /* AppDelegate.mm */ = {isa = PBXFileReference; fileEncoding = 4; lastKnownFileType = sourcecode.cpp.objcpp; name = AppDelegate.mm; path = ITA_Labs_Mobile/AppDelegate.mm; sourceTree = "<group>"; };
		13B07FB51A68108700A75B9A /* Images.xcassets */ = {isa = PBXFileReference; lastKnownFileType = folder.assetcatalog; name = Images.xcassets; path = ITA_Labs_Mobile/Images.xcassets; sourceTree = "<group>"; };
		13B07FB61A68108700A75B9A /* Info.plist */ = {isa = PBXFileReference; fileEncoding = 4; lastKnownFileType = text.plist.xml; name = Info.plist; path = ITA_Labs_Mobile/Info.plist; sourceTree = "<group>"; };
		13B07FB71A68108700A75B9A /* main.m */ = {isa = PBXFileReference; fileEncoding = 4; lastKnownFileType = sourcecode.c.objc; name = main.m; path = ITA_Labs_Mobile/main.m; sourceTree = "<group>"; };
		181F8AB52B75228100192FCD /* Network.framework */ = {isa = PBXFileReference; lastKnownFileType = wrapper.framework; name = Network.framework; path = System/Library/Frameworks/Network.framework; sourceTree = SDKROOT; };
		19F6CBCC0A4E27FBF8BF4A61 /* libPods-ITA_Labs_Mobile-ITA_Labs_MobileTests.a */ = {isa = PBXFileReference; explicitFileType = archive.ar; includeInIndex = 0; path = "libPods-ITA_Labs_Mobile-ITA_Labs_MobileTests.a"; sourceTree = BUILT_PRODUCTS_DIR; };
		1D4654B4950B410F811637CD /* IBMPlexSans-LightItalic.ttf */ = {isa = PBXFileReference; explicitFileType = undefined; fileEncoding = 9; includeInIndex = 0; lastKnownFileType = unknown; name = "IBMPlexSans-LightItalic.ttf"; path = "../src/assets/fonts/IBMPlexSans-LightItalic.ttf"; sourceTree = "<group>"; };
		3B4392A12AC88292D35C810B /* Pods-ITA_Labs_Mobile.debug.xcconfig */ = {isa = PBXFileReference; includeInIndex = 1; lastKnownFileType = text.xcconfig; name = "Pods-ITA_Labs_Mobile.debug.xcconfig"; path = "Target Support Files/Pods-ITA_Labs_Mobile/Pods-ITA_Labs_Mobile.debug.xcconfig"; sourceTree = "<group>"; };
		3FB4BB80039E4E828BE27369 /* IBMPlexSans-ExtraLightItalic.ttf */ = {isa = PBXFileReference; explicitFileType = undefined; fileEncoding = 9; includeInIndex = 0; lastKnownFileType = unknown; name = "IBMPlexSans-ExtraLightItalic.ttf"; path = "../src/assets/fonts/IBMPlexSans-ExtraLightItalic.ttf"; sourceTree = "<group>"; };
		407678A1F7D64CD99CFA8DE0 /* IBMPlexSans-Thin.ttf */ = {isa = PBXFileReference; explicitFileType = undefined; fileEncoding = 9; includeInIndex = 0; lastKnownFileType = unknown; name = "IBMPlexSans-Thin.ttf"; path = "../src/assets/fonts/IBMPlexSans-Thin.ttf"; sourceTree = "<group>"; };
		437F9E04B5EF4A429B17DC16 /* IBMPlexSans-Regular.ttf */ = {isa = PBXFileReference; explicitFileType = undefined; fileEncoding = 9; includeInIndex = 0; lastKnownFileType = unknown; name = "IBMPlexSans-Regular.ttf"; path = "../src/assets/fonts/IBMPlexSans-Regular.ttf"; sourceTree = "<group>"; };
		5467798FC7FB43048C656616 /* IBMPlexSans-SemiBold.ttf */ = {isa = PBXFileReference; explicitFileType = undefined; fileEncoding = 9; includeInIndex = 0; lastKnownFileType = unknown; name = "IBMPlexSans-SemiBold.ttf"; path = "../src/assets/fonts/IBMPlexSans-SemiBold.ttf"; sourceTree = "<group>"; };
		5709B34CF0A7D63546082F79 /* Pods-ITA_Labs_Mobile.release.xcconfig */ = {isa = PBXFileReference; includeInIndex = 1; lastKnownFileType = text.xcconfig; name = "Pods-ITA_Labs_Mobile.release.xcconfig"; path = "Target Support Files/Pods-ITA_Labs_Mobile/Pods-ITA_Labs_Mobile.release.xcconfig"; sourceTree = "<group>"; };
		5B7EB9410499542E8C5724F5 /* Pods-ITA_Labs_Mobile-ITA_Labs_MobileTests.debug.xcconfig */ = {isa = PBXFileReference; includeInIndex = 1; lastKnownFileType = text.xcconfig; name = "Pods-ITA_Labs_Mobile-ITA_Labs_MobileTests.debug.xcconfig"; path = "Target Support Files/Pods-ITA_Labs_Mobile-ITA_Labs_MobileTests/Pods-ITA_Labs_Mobile-ITA_Labs_MobileTests.debug.xcconfig"; sourceTree = "<group>"; };
		5DCACB8F33CDC322A6C60F78 /* libPods-ITA_Labs_Mobile.a */ = {isa = PBXFileReference; explicitFileType = archive.ar; includeInIndex = 0; path = "libPods-ITA_Labs_Mobile.a"; sourceTree = BUILT_PRODUCTS_DIR; };
		81AB9BB72411601600AC10FF /* LaunchScreen.storyboard */ = {isa = PBXFileReference; fileEncoding = 4; lastKnownFileType = file.storyboard; name = LaunchScreen.storyboard; path = ITA_Labs_Mobile/LaunchScreen.storyboard; sourceTree = "<group>"; };
		8948BC8D7FAE4178BEEA539B /* IBMPlexSans-Medium.ttf */ = {isa = PBXFileReference; explicitFileType = undefined; fileEncoding = 9; includeInIndex = 0; lastKnownFileType = unknown; name = "IBMPlexSans-Medium.ttf"; path = "../src/assets/fonts/IBMPlexSans-Medium.ttf"; sourceTree = "<group>"; };
		89C6BE57DB24E9ADA2F236DE /* Pods-ITA_Labs_Mobile-ITA_Labs_MobileTests.release.xcconfig */ = {isa = PBXFileReference; includeInIndex = 1; lastKnownFileType = text.xcconfig; name = "Pods-ITA_Labs_Mobile-ITA_Labs_MobileTests.release.xcconfig"; path = "Target Support Files/Pods-ITA_Labs_Mobile-ITA_Labs_MobileTests/Pods-ITA_Labs_Mobile-ITA_Labs_MobileTests.release.xcconfig"; sourceTree = "<group>"; };
		B340FB67CD6F491FB1975C12 /* IBMPlexSans-MediumItalic.ttf */ = {isa = PBXFileReference; explicitFileType = undefined; fileEncoding = 9; includeInIndex = 0; lastKnownFileType = unknown; name = "IBMPlexSans-MediumItalic.ttf"; path = "../src/assets/fonts/IBMPlexSans-MediumItalic.ttf"; sourceTree = "<group>"; };
		BE605DF99F4345F8BA359138 /* IBMPlexSans-ExtraLight.ttf */ = {isa = PBXFileReference; explicitFileType = undefined; fileEncoding = 9; includeInIndex = 0; lastKnownFileType = unknown; name = "IBMPlexSans-ExtraLight.ttf"; path = "../src/assets/fonts/IBMPlexSans-ExtraLight.ttf"; sourceTree = "<group>"; };
		BFD827CD2DDE4A92A921A801 /* IBMPlexSans-Bold.ttf */ = {isa = PBXFileReference; explicitFileType = undefined; fileEncoding = 9; includeInIndex = 0; lastKnownFileType = unknown; name = "IBMPlexSans-Bold.ttf"; path = "../src/assets/fonts/IBMPlexSans-Bold.ttf"; sourceTree = "<group>"; };
		DAB73331659A48FBA1680E2B /* IBMPlexSans-Light.ttf */ = {isa = PBXFileReference; explicitFileType = undefined; fileEncoding = 9; includeInIndex = 0; lastKnownFileType = unknown; name = "IBMPlexSans-Light.ttf"; path = "../src/assets/fonts/IBMPlexSans-Light.ttf"; sourceTree = "<group>"; };
		E5BF67DB48604C029A006920 /* IBMPlexSans-ThinItalic.ttf */ = {isa = PBXFileReference; explicitFileType = undefined; fileEncoding = 9; includeInIndex = 0; lastKnownFileType = unknown; name = "IBMPlexSans-ThinItalic.ttf"; path = "../src/assets/fonts/IBMPlexSans-ThinItalic.ttf"; sourceTree = "<group>"; };
		E97799EDBFB6449CABA53160 /* IBMPlexSans-SemiBoldItalic.ttf */ = {isa = PBXFileReference; explicitFileType = undefined; fileEncoding = 9; includeInIndex = 0; lastKnownFileType = unknown; name = "IBMPlexSans-SemiBoldItalic.ttf"; path = "../src/assets/fonts/IBMPlexSans-SemiBoldItalic.ttf"; sourceTree = "<group>"; };
		ED297162215061F000B7C4FE /* JavaScriptCore.framework */ = {isa = PBXFileReference; lastKnownFileType = wrapper.framework; name = JavaScriptCore.framework; path = System/Library/Frameworks/JavaScriptCore.framework; sourceTree = SDKROOT; };
		F65E32EA7D1F44F8873E54E7 /* IBMPlexSans-Italic.ttf */ = {isa = PBXFileReference; explicitFileType = undefined; fileEncoding = 9; includeInIndex = 0; lastKnownFileType = unknown; name = "IBMPlexSans-Italic.ttf"; path = "../src/assets/fonts/IBMPlexSans-Italic.ttf"; sourceTree = "<group>"; };
/* End PBXFileReference section */

/* Begin PBXFrameworksBuildPhase section */
		00E356EB1AD99517003FC87E /* Frameworks */ = {
			isa = PBXFrameworksBuildPhase;
			buildActionMask = 2147483647;
			files = (
				7699B88040F8A987B510C191 /* libPods-ITA_Labs_Mobile-ITA_Labs_MobileTests.a in Frameworks */,
			);
			runOnlyForDeploymentPostprocessing = 0;
		};
		13B07F8C1A680F5B00A75B9A /* Frameworks */ = {
			isa = PBXFrameworksBuildPhase;
			buildActionMask = 2147483647;
			files = (
				0C80B921A6F3F58F76C31292 /* libPods-ITA_Labs_Mobile.a in Frameworks */,
				181F8AB62B75228100192FCD /* Network.framework in Frameworks */,
			);
			runOnlyForDeploymentPostprocessing = 0;
		};
/* End PBXFrameworksBuildPhase section */

/* Begin PBXGroup section */
		00E356EF1AD99517003FC87E /* ITA_Labs_MobileTests */ = {
			isa = PBXGroup;
			children = (
				00E356F21AD99517003FC87E /* ITA_Labs_MobileTests.m */,
				00E356F01AD99517003FC87E /* Supporting Files */,
			);
			path = ITA_Labs_MobileTests;
			sourceTree = "<group>";
		};
		00E356F01AD99517003FC87E /* Supporting Files */ = {
			isa = PBXGroup;
			children = (
				00E356F11AD99517003FC87E /* Info.plist */,
			);
			name = "Supporting Files";
			sourceTree = "<group>";
		};
		13B07FAE1A68108700A75B9A /* ITA_Labs_Mobile */ = {
			isa = PBXGroup;
			children = (
				13B07FAF1A68108700A75B9A /* AppDelegate.h */,
				13B07FB01A68108700A75B9A /* AppDelegate.mm */,
				13B07FB51A68108700A75B9A /* Images.xcassets */,
				13B07FB61A68108700A75B9A /* Info.plist */,
				81AB9BB72411601600AC10FF /* LaunchScreen.storyboard */,
				13B07FB71A68108700A75B9A /* main.m */,
			);
			name = ITA_Labs_Mobile;
			sourceTree = "<group>";
		};
		2D16E6871FA4F8E400B85C8A /* Frameworks */ = {
			isa = PBXGroup;
			children = (
				181F8AB52B75228100192FCD /* Network.framework */,
				ED297162215061F000B7C4FE /* JavaScriptCore.framework */,
				5DCACB8F33CDC322A6C60F78 /* libPods-ITA_Labs_Mobile.a */,
				19F6CBCC0A4E27FBF8BF4A61 /* libPods-ITA_Labs_Mobile-ITA_Labs_MobileTests.a */,
			);
			name = Frameworks;
			sourceTree = "<group>";
		};
		832341AE1AAA6A7D00B99B32 /* Libraries */ = {
			isa = PBXGroup;
			children = (
			);
			name = Libraries;
			sourceTree = "<group>";
		};
		83CBB9F61A601CBA00E9B192 = {
			isa = PBXGroup;
			children = (
				13B07FAE1A68108700A75B9A /* ITA_Labs_Mobile */,
				832341AE1AAA6A7D00B99B32 /* Libraries */,
				00E356EF1AD99517003FC87E /* ITA_Labs_MobileTests */,
				83CBBA001A601CBA00E9B192 /* Products */,
				2D16E6871FA4F8E400B85C8A /* Frameworks */,
				BBD78D7AC51CEA395F1C20DB /* Pods */,
				CF8F12FA13A84C77946FFF89 /* Resources */,
			);
			indentWidth = 2;
			sourceTree = "<group>";
			tabWidth = 2;
			usesTabs = 0;
		};
		83CBBA001A601CBA00E9B192 /* Products */ = {
			isa = PBXGroup;
			children = (
				13B07F961A680F5B00A75B9A /* ITA_Labs_Mobile.app */,
				00E356EE1AD99517003FC87E /* ITA_Labs_MobileTests.xctest */,
			);
			name = Products;
			sourceTree = "<group>";
		};
		BBD78D7AC51CEA395F1C20DB /* Pods */ = {
			isa = PBXGroup;
			children = (
				3B4392A12AC88292D35C810B /* Pods-ITA_Labs_Mobile.debug.xcconfig */,
				5709B34CF0A7D63546082F79 /* Pods-ITA_Labs_Mobile.release.xcconfig */,
				5B7EB9410499542E8C5724F5 /* Pods-ITA_Labs_Mobile-ITA_Labs_MobileTests.debug.xcconfig */,
				89C6BE57DB24E9ADA2F236DE /* Pods-ITA_Labs_Mobile-ITA_Labs_MobileTests.release.xcconfig */,
			);
			path = Pods;
			sourceTree = "<group>";
		};
		CF8F12FA13A84C77946FFF89 /* Resources */ = {
			isa = PBXGroup;
			children = (
				BFD827CD2DDE4A92A921A801 /* IBMPlexSans-Bold.ttf */,
				0BCFD8535589440BB177211A /* IBMPlexSans-BoldItalic.ttf */,
				BE605DF99F4345F8BA359138 /* IBMPlexSans-ExtraLight.ttf */,
				3FB4BB80039E4E828BE27369 /* IBMPlexSans-ExtraLightItalic.ttf */,
				F65E32EA7D1F44F8873E54E7 /* IBMPlexSans-Italic.ttf */,
				DAB73331659A48FBA1680E2B /* IBMPlexSans-Light.ttf */,
				1D4654B4950B410F811637CD /* IBMPlexSans-LightItalic.ttf */,
				8948BC8D7FAE4178BEEA539B /* IBMPlexSans-Medium.ttf */,
				B340FB67CD6F491FB1975C12 /* IBMPlexSans-MediumItalic.ttf */,
				437F9E04B5EF4A429B17DC16 /* IBMPlexSans-Regular.ttf */,
				5467798FC7FB43048C656616 /* IBMPlexSans-SemiBold.ttf */,
				E97799EDBFB6449CABA53160 /* IBMPlexSans-SemiBoldItalic.ttf */,
				407678A1F7D64CD99CFA8DE0 /* IBMPlexSans-Thin.ttf */,
				E5BF67DB48604C029A006920 /* IBMPlexSans-ThinItalic.ttf */,
			);
			name = Resources;
			sourceTree = "<group>";
		};
/* End PBXGroup section */

/* Begin PBXNativeTarget section */
		00E356ED1AD99517003FC87E /* ITA_Labs_MobileTests */ = {
			isa = PBXNativeTarget;
			buildConfigurationList = 00E357021AD99517003FC87E /* Build configuration list for PBXNativeTarget "ITA_Labs_MobileTests" */;
			buildPhases = (
				A55EABD7B0C7F3A422A6CC61 /* [CP] Check Pods Manifest.lock */,
				00E356EA1AD99517003FC87E /* Sources */,
				00E356EB1AD99517003FC87E /* Frameworks */,
				00E356EC1AD99517003FC87E /* Resources */,
				C59DA0FBD6956966B86A3779 /* [CP] Embed Pods Frameworks */,
				F6A41C54EA430FDDC6A6ED99 /* [CP] Copy Pods Resources */,
			);
			buildRules = (
			);
			dependencies = (
				00E356F51AD99517003FC87E /* PBXTargetDependency */,
			);
			name = ITA_Labs_MobileTests;
			productName = ITA_Labs_MobileTests;
			productReference = 00E356EE1AD99517003FC87E /* ITA_Labs_MobileTests.xctest */;
			productType = "com.apple.product-type.bundle.unit-test";
		};
		13B07F861A680F5B00A75B9A /* ITA_Labs_Mobile */ = {
			isa = PBXNativeTarget;
			buildConfigurationList = 13B07F931A680F5B00A75B9A /* Build configuration list for PBXNativeTarget "ITA_Labs_Mobile" */;
			buildPhases = (
				C38B50BA6285516D6DCD4F65 /* [CP] Check Pods Manifest.lock */,
				13B07F871A680F5B00A75B9A /* Sources */,
				13B07F8C1A680F5B00A75B9A /* Frameworks */,
				13B07F8E1A680F5B00A75B9A /* Resources */,
				00DD1BFF1BD5951E006B06BC /* Bundle React Native code and images */,
				00EEFC60759A1932668264C0 /* [CP] Embed Pods Frameworks */,
				E235C05ADACE081382539298 /* [CP] Copy Pods Resources */,
			);
			buildRules = (
			);
			dependencies = (
			);
			name = ITA_Labs_Mobile;
			productName = ITA_Labs_Mobile;
			productReference = 13B07F961A680F5B00A75B9A /* ITA_Labs_Mobile.app */;
			productType = "com.apple.product-type.application";
		};
/* End PBXNativeTarget section */

/* Begin PBXProject section */
		83CBB9F71A601CBA00E9B192 /* Project object */ = {
			isa = PBXProject;
			attributes = {
				LastUpgradeCheck = 1210;
				TargetAttributes = {
					00E356ED1AD99517003FC87E = {
						CreatedOnToolsVersion = 6.2;
						TestTargetID = 13B07F861A680F5B00A75B9A;
					};
					13B07F861A680F5B00A75B9A = {
						LastSwiftMigration = 1120;
					};
				};
			};
			buildConfigurationList = 83CBB9FA1A601CBA00E9B192 /* Build configuration list for PBXProject "ITA_Labs_Mobile" */;
			compatibilityVersion = "Xcode 15.0";
			developmentRegion = en;
			hasScannedForEncodings = 0;
			knownRegions = (
				en,
				Base,
			);
			mainGroup = 83CBB9F61A601CBA00E9B192;
			productRefGroup = 83CBBA001A601CBA00E9B192 /* Products */;
			projectDirPath = "";
			projectRoot = "";
			targets = (
				13B07F861A680F5B00A75B9A /* ITA_Labs_Mobile */,
				00E356ED1AD99517003FC87E /* ITA_Labs_MobileTests */,
			);
		};
/* End PBXProject section */

/* Begin PBXResourcesBuildPhase section */
		00E356EC1AD99517003FC87E /* Resources */ = {
			isa = PBXResourcesBuildPhase;
			buildActionMask = 2147483647;
			files = (
			);
			runOnlyForDeploymentPostprocessing = 0;
		};
		13B07F8E1A680F5B00A75B9A /* Resources */ = {
			isa = PBXResourcesBuildPhase;
			buildActionMask = 2147483647;
			files = (
				81AB9BB82411601600AC10FF /* LaunchScreen.storyboard in Resources */,
				13B07FBF1A68108700A75B9A /* Images.xcassets in Resources */,
				FA7C8CEBD3C64FD499A2D0B0 /* IBMPlexSans-Bold.ttf in Resources */,
				1ED9EDFED8F241DA80346D25 /* IBMPlexSans-BoldItalic.ttf in Resources */,
				CE3EFB50EF044F19BFF2D4E5 /* IBMPlexSans-ExtraLight.ttf in Resources */,
				CB768D9CCDBF45D7B6158481 /* IBMPlexSans-ExtraLightItalic.ttf in Resources */,
				01E9A5FE8A41448D9BB1410D /* IBMPlexSans-Italic.ttf in Resources */,
				AB1C694535FF48F3B1C32A17 /* IBMPlexSans-Light.ttf in Resources */,
				E112F7486F39454782765A0D /* IBMPlexSans-LightItalic.ttf in Resources */,
				015861FF4E124C988118ABCE /* IBMPlexSans-Medium.ttf in Resources */,
				F71E9855B52C471A90B7951E /* IBMPlexSans-MediumItalic.ttf in Resources */,
				B5158D7B7820441A8994005A /* IBMPlexSans-Regular.ttf in Resources */,
				1A3AF7D809A74B2189C2F179 /* IBMPlexSans-SemiBold.ttf in Resources */,
				9DD0C778A0C84DEBAAE3C245 /* IBMPlexSans-SemiBoldItalic.ttf in Resources */,
				6144508EECAE471C94C7154F /* IBMPlexSans-Thin.ttf in Resources */,
				D01893A14912476C99EA8DDA /* IBMPlexSans-ThinItalic.ttf in Resources */,
			);
			runOnlyForDeploymentPostprocessing = 0;
		};
/* End PBXResourcesBuildPhase section */

/* Begin PBXShellScriptBuildPhase section */
		00DD1BFF1BD5951E006B06BC /* Bundle React Native code and images */ = {
			isa = PBXShellScriptBuildPhase;
			buildActionMask = 2147483647;
			files = (
			);
			inputPaths = (
				"$(SRCROOT)/.xcode.env.local",
				"$(SRCROOT)/.xcode.env",
			);
			name = "Bundle React Native code and images";
			outputPaths = (
			);
			runOnlyForDeploymentPostprocessing = 0;
			shellPath = /bin/sh;
			shellScript = "set -e\n\nWITH_ENVIRONMENT=\"../node_modules/react-native/scripts/xcode/with-environment.sh\"\nREACT_NATIVE_XCODE=\"../node_modules/react-native/scripts/react-native-xcode.sh\"\n\n/bin/sh -c \"$WITH_ENVIRONMENT $REACT_NATIVE_XCODE\"\n";
		};
		00EEFC60759A1932668264C0 /* [CP] Embed Pods Frameworks */ = {
			isa = PBXShellScriptBuildPhase;
			buildActionMask = 2147483647;
			files = (
			);
			inputFileListPaths = (
				"${PODS_ROOT}/Target Support Files/Pods-ITA_Labs_Mobile/Pods-ITA_Labs_Mobile-frameworks-${CONFIGURATION}-input-files.xcfilelist",
			);
			name = "[CP] Embed Pods Frameworks";
			outputFileListPaths = (
				"${PODS_ROOT}/Target Support Files/Pods-ITA_Labs_Mobile/Pods-ITA_Labs_Mobile-frameworks-${CONFIGURATION}-output-files.xcfilelist",
			);
			runOnlyForDeploymentPostprocessing = 0;
			shellPath = /bin/sh;
			shellScript = "\"${PODS_ROOT}/Target Support Files/Pods-ITA_Labs_Mobile/Pods-ITA_Labs_Mobile-frameworks.sh\"\n";
			showEnvVarsInLog = 0;
		};
		A55EABD7B0C7F3A422A6CC61 /* [CP] Check Pods Manifest.lock */ = {
			isa = PBXShellScriptBuildPhase;
			buildActionMask = 2147483647;
			files = (
			);
			inputFileListPaths = (
			);
			inputPaths = (
				"${PODS_PODFILE_DIR_PATH}/Podfile.lock",
				"${PODS_ROOT}/Manifest.lock",
			);
			name = "[CP] Check Pods Manifest.lock";
			outputFileListPaths = (
			);
			outputPaths = (
				"$(DERIVED_FILE_DIR)/Pods-ITA_Labs_Mobile-ITA_Labs_MobileTests-checkManifestLockResult.txt",
			);
			runOnlyForDeploymentPostprocessing = 0;
			shellPath = /bin/sh;
			shellScript = "diff \"${PODS_PODFILE_DIR_PATH}/Podfile.lock\" \"${PODS_ROOT}/Manifest.lock\" > /dev/null\nif [ $? != 0 ] ; then\n    # print error to STDERR\n    echo \"error: The sandbox is not in sync with the Podfile.lock. Run 'pod install' or update your CocoaPods installation.\" >&2\n    exit 1\nfi\n# This output is used by Xcode 'outputs' to avoid re-running this script phase.\necho \"SUCCESS\" > \"${SCRIPT_OUTPUT_FILE_0}\"\n";
			showEnvVarsInLog = 0;
		};
		C38B50BA6285516D6DCD4F65 /* [CP] Check Pods Manifest.lock */ = {
			isa = PBXShellScriptBuildPhase;
			buildActionMask = 2147483647;
			files = (
			);
			inputFileListPaths = (
			);
			inputPaths = (
				"${PODS_PODFILE_DIR_PATH}/Podfile.lock",
				"${PODS_ROOT}/Manifest.lock",
			);
			name = "[CP] Check Pods Manifest.lock";
			outputFileListPaths = (
			);
			outputPaths = (
				"$(DERIVED_FILE_DIR)/Pods-ITA_Labs_Mobile-checkManifestLockResult.txt",
			);
			runOnlyForDeploymentPostprocessing = 0;
			shellPath = /bin/sh;
			shellScript = "diff \"${PODS_PODFILE_DIR_PATH}/Podfile.lock\" \"${PODS_ROOT}/Manifest.lock\" > /dev/null\nif [ $? != 0 ] ; then\n    # print error to STDERR\n    echo \"error: The sandbox is not in sync with the Podfile.lock. Run 'pod install' or update your CocoaPods installation.\" >&2\n    exit 1\nfi\n# This output is used by Xcode 'outputs' to avoid re-running this script phase.\necho \"SUCCESS\" > \"${SCRIPT_OUTPUT_FILE_0}\"\n";
			showEnvVarsInLog = 0;
		};
		C59DA0FBD6956966B86A3779 /* [CP] Embed Pods Frameworks */ = {
			isa = PBXShellScriptBuildPhase;
			buildActionMask = 2147483647;
			files = (
			);
			inputFileListPaths = (
				"${PODS_ROOT}/Target Support Files/Pods-ITA_Labs_Mobile-ITA_Labs_MobileTests/Pods-ITA_Labs_Mobile-ITA_Labs_MobileTests-frameworks-${CONFIGURATION}-input-files.xcfilelist",
			);
			name = "[CP] Embed Pods Frameworks";
			outputFileListPaths = (
				"${PODS_ROOT}/Target Support Files/Pods-ITA_Labs_Mobile-ITA_Labs_MobileTests/Pods-ITA_Labs_Mobile-ITA_Labs_MobileTests-frameworks-${CONFIGURATION}-output-files.xcfilelist",
			);
			runOnlyForDeploymentPostprocessing = 0;
			shellPath = /bin/sh;
			shellScript = "\"${PODS_ROOT}/Target Support Files/Pods-ITA_Labs_Mobile-ITA_Labs_MobileTests/Pods-ITA_Labs_Mobile-ITA_Labs_MobileTests-frameworks.sh\"\n";
			showEnvVarsInLog = 0;
		};
		E235C05ADACE081382539298 /* [CP] Copy Pods Resources */ = {
			isa = PBXShellScriptBuildPhase;
			buildActionMask = 2147483647;
			files = (
			);
			inputFileListPaths = (
				"${PODS_ROOT}/Target Support Files/Pods-ITA_Labs_Mobile/Pods-ITA_Labs_Mobile-resources-${CONFIGURATION}-input-files.xcfilelist",
			);
			name = "[CP] Copy Pods Resources";
			outputFileListPaths = (
				"${PODS_ROOT}/Target Support Files/Pods-ITA_Labs_Mobile/Pods-ITA_Labs_Mobile-resources-${CONFIGURATION}-output-files.xcfilelist",
			);
			runOnlyForDeploymentPostprocessing = 0;
			shellPath = /bin/sh;
			shellScript = "\"${PODS_ROOT}/Target Support Files/Pods-ITA_Labs_Mobile/Pods-ITA_Labs_Mobile-resources.sh\"\n";
			showEnvVarsInLog = 0;
		};
		F6A41C54EA430FDDC6A6ED99 /* [CP] Copy Pods Resources */ = {
			isa = PBXShellScriptBuildPhase;
			buildActionMask = 2147483647;
			files = (
			);
			inputFileListPaths = (
				"${PODS_ROOT}/Target Support Files/Pods-ITA_Labs_Mobile-ITA_Labs_MobileTests/Pods-ITA_Labs_Mobile-ITA_Labs_MobileTests-resources-${CONFIGURATION}-input-files.xcfilelist",
			);
			name = "[CP] Copy Pods Resources";
			outputFileListPaths = (
				"${PODS_ROOT}/Target Support Files/Pods-ITA_Labs_Mobile-ITA_Labs_MobileTests/Pods-ITA_Labs_Mobile-ITA_Labs_MobileTests-resources-${CONFIGURATION}-output-files.xcfilelist",
			);
			runOnlyForDeploymentPostprocessing = 0;
			shellPath = /bin/sh;
			shellScript = "\"${PODS_ROOT}/Target Support Files/Pods-ITA_Labs_Mobile-ITA_Labs_MobileTests/Pods-ITA_Labs_Mobile-ITA_Labs_MobileTests-resources.sh\"\n";
			showEnvVarsInLog = 0;
		};
/* End PBXShellScriptBuildPhase section */

/* Begin PBXSourcesBuildPhase section */
		00E356EA1AD99517003FC87E /* Sources */ = {
			isa = PBXSourcesBuildPhase;
			buildActionMask = 2147483647;
			files = (
				00E356F31AD99517003FC87E /* ITA_Labs_MobileTests.m in Sources */,
			);
			runOnlyForDeploymentPostprocessing = 0;
		};
		13B07F871A680F5B00A75B9A /* Sources */ = {
			isa = PBXSourcesBuildPhase;
			buildActionMask = 2147483647;
			files = (
				13B07FBC1A68108700A75B9A /* AppDelegate.mm in Sources */,
				13B07FC11A68108700A75B9A /* main.m in Sources */,
			);
			runOnlyForDeploymentPostprocessing = 0;
		};
/* End PBXSourcesBuildPhase section */

/* Begin PBXTargetDependency section */
		00E356F51AD99517003FC87E /* PBXTargetDependency */ = {
			isa = PBXTargetDependency;
			target = 13B07F861A680F5B00A75B9A /* ITA_Labs_Mobile */;
			targetProxy = 00E356F41AD99517003FC87E /* PBXContainerItemProxy */;
		};
/* End PBXTargetDependency section */

/* Begin XCBuildConfiguration section */
		00E356F61AD99517003FC87E /* Debug */ = {
			isa = XCBuildConfiguration;
			baseConfigurationReference = 5B7EB9410499542E8C5724F5 /* Pods-ITA_Labs_Mobile-ITA_Labs_MobileTests.debug.xcconfig */;
			buildSettings = {
				BUNDLE_LOADER = "$(TEST_HOST)";
				DEVELOPMENT_TEAM = A7GYQ28W6X;
				GCC_PREPROCESSOR_DEFINITIONS = (
					"DEBUG=1",
					"$(inherited)",
				);
				INFOPLIST_FILE = ITA_Labs_MobileTests/Info.plist;
				IPHONEOS_DEPLOYMENT_TARGET = 13.4;
				LD_RUNPATH_SEARCH_PATHS = (
					"$(inherited)",
					"@executable_path/Frameworks",
					"@loader_path/Frameworks",
				);
				OTHER_LDFLAGS = (
					"-ObjC",
					"-lc++",
					"$(inherited)",
				);
				PRODUCT_BUNDLE_IDENTIFIER = "org.reactjs.native.example.$(PRODUCT_NAME:rfc1034identifier)";
				PRODUCT_NAME = "$(TARGET_NAME)";
				TEST_HOST = "$(BUILT_PRODUCTS_DIR)/ITA_Labs_Mobile.app/ITA_Labs_Mobile";
			};
			name = Debug;
		};
		00E356F71AD99517003FC87E /* Release */ = {
			isa = XCBuildConfiguration;
			baseConfigurationReference = 89C6BE57DB24E9ADA2F236DE /* Pods-ITA_Labs_Mobile-ITA_Labs_MobileTests.release.xcconfig */;
			buildSettings = {
				BUNDLE_LOADER = "$(TEST_HOST)";
				COPY_PHASE_STRIP = NO;
				DEVELOPMENT_TEAM = A7GYQ28W6X;
				INFOPLIST_FILE = ITA_Labs_MobileTests/Info.plist;
				IPHONEOS_DEPLOYMENT_TARGET = 13.4;
				LD_RUNPATH_SEARCH_PATHS = (
					"$(inherited)",
					"@executable_path/Frameworks",
					"@loader_path/Frameworks",
				);
				OTHER_LDFLAGS = (
					"-ObjC",
					"-lc++",
					"$(inherited)",
				);
				PRODUCT_BUNDLE_IDENTIFIER = "org.reactjs.native.example.$(PRODUCT_NAME:rfc1034identifier)";
				PRODUCT_NAME = "$(TARGET_NAME)";
				TEST_HOST = "$(BUILT_PRODUCTS_DIR)/ITA_Labs_Mobile.app/ITA_Labs_Mobile";
			};
			name = Release;
		};
		13B07F941A680F5B00A75B9A /* Debug */ = {
			isa = XCBuildConfiguration;
			baseConfigurationReference = 3B4392A12AC88292D35C810B /* Pods-ITA_Labs_Mobile.debug.xcconfig */;
			buildSettings = {
				ASSETCATALOG_COMPILER_APPICON_NAME = AppIcon;
				CLANG_ENABLE_MODULES = YES;
				CURRENT_PROJECT_VERSION = 1;
				DEVELOPMENT_TEAM = A7GYQ28W6X;
				ENABLE_BITCODE = NO;
				INFOPLIST_FILE = ITA_Labs_Mobile/Info.plist;
				LD_RUNPATH_SEARCH_PATHS = (
					"$(inherited)",
					"@executable_path/Frameworks",
				);
				MARKETING_VERSION = 1.0;
				OTHER_LDFLAGS = (
					"$(inherited)",
					"-ObjC",
					"-lc++",
				);
				PRODUCT_BUNDLE_IDENTIFIER = "org.reactjs.native.example.$(PRODUCT_NAME:rfc1034identifier)";
				PRODUCT_NAME = ITA_Labs_Mobile;
				SWIFT_OPTIMIZATION_LEVEL = "-Onone";
				SWIFT_VERSION = 5.0;
				VERSIONING_SYSTEM = "apple-generic";
			};
			name = Debug;
		};
		13B07F951A680F5B00A75B9A /* Release */ = {
			isa = XCBuildConfiguration;
			baseConfigurationReference = 5709B34CF0A7D63546082F79 /* Pods-ITA_Labs_Mobile.release.xcconfig */;
			buildSettings = {
				ASSETCATALOG_COMPILER_APPICON_NAME = AppIcon;
				CLANG_ENABLE_MODULES = YES;
				CURRENT_PROJECT_VERSION = 1;
				DEVELOPMENT_TEAM = A7GYQ28W6X;
				INFOPLIST_FILE = ITA_Labs_Mobile/Info.plist;
				LD_RUNPATH_SEARCH_PATHS = (
					"$(inherited)",
					"@executable_path/Frameworks",
				);
				MARKETING_VERSION = 1.0;
				OTHER_LDFLAGS = (
					"$(inherited)",
					"-ObjC",
					"-lc++",
				);
				PRODUCT_BUNDLE_IDENTIFIER = "org.reactjs.native.example.$(PRODUCT_NAME:rfc1034identifier)";
				PRODUCT_NAME = ITA_Labs_Mobile;
				SWIFT_VERSION = 5.0;
				VERSIONING_SYSTEM = "apple-generic";
			};
			name = Release;
		};
		83CBBA201A601CBA00E9B192 /* Debug */ = {
			isa = XCBuildConfiguration;
			buildSettings = {
				ALWAYS_SEARCH_USER_PATHS = NO;
				CLANG_ANALYZER_LOCALIZABILITY_NONLOCALIZED = YES;
				CLANG_CXX_LANGUAGE_STANDARD = "c++20";
				CLANG_CXX_LIBRARY = "libc++";
				CLANG_ENABLE_MODULES = YES;
				CLANG_ENABLE_OBJC_ARC = YES;
				CLANG_WARN_BLOCK_CAPTURE_AUTORELEASING = YES;
				CLANG_WARN_BOOL_CONVERSION = YES;
				CLANG_WARN_COMMA = YES;
				CLANG_WARN_CONSTANT_CONVERSION = YES;
				CLANG_WARN_DEPRECATED_OBJC_IMPLEMENTATIONS = YES;
				CLANG_WARN_DIRECT_OBJC_ISA_USAGE = YES_ERROR;
				CLANG_WARN_EMPTY_BODY = YES;
				CLANG_WARN_ENUM_CONVERSION = YES;
				CLANG_WARN_INFINITE_RECURSION = YES;
				CLANG_WARN_INT_CONVERSION = YES;
				CLANG_WARN_NON_LITERAL_NULL_CONVERSION = YES;
				CLANG_WARN_OBJC_IMPLICIT_RETAIN_SELF = YES;
				CLANG_WARN_OBJC_LITERAL_CONVERSION = YES;
				CLANG_WARN_OBJC_ROOT_CLASS = YES_ERROR;
				CLANG_WARN_QUOTED_INCLUDE_IN_FRAMEWORK_HEADER = YES;
				CLANG_WARN_RANGE_LOOP_ANALYSIS = YES;
				CLANG_WARN_STRICT_PROTOTYPES = YES;
				CLANG_WARN_SUSPICIOUS_MOVE = YES;
				CLANG_WARN_UNREACHABLE_CODE = YES;
				CLANG_WARN__DUPLICATE_METHOD_MATCH = YES;
				"CODE_SIGN_IDENTITY[sdk=iphoneos*]" = "iPhone Developer";
				COPY_PHASE_STRIP = NO;
				ENABLE_STRICT_OBJC_MSGSEND = YES;
				ENABLE_TESTABILITY = YES;
				"EXCLUDED_ARCHS[sdk=iphonesimulator*]" = i386;
				GCC_C_LANGUAGE_STANDARD = gnu99;
				GCC_DYNAMIC_NO_PIC = NO;
				GCC_NO_COMMON_BLOCKS = YES;
				GCC_OPTIMIZATION_LEVEL = 0;
				GCC_PREPROCESSOR_DEFINITIONS = (
					"DEBUG=1",
					"$(inherited)",
				);
				GCC_SYMBOLS_PRIVATE_EXTERN = NO;
				GCC_WARN_64_TO_32_BIT_CONVERSION = YES;
				GCC_WARN_ABOUT_RETURN_TYPE = YES_ERROR;
				GCC_WARN_UNDECLARED_SELECTOR = YES;
				GCC_WARN_UNINITIALIZED_AUTOS = YES_AGGRESSIVE;
				GCC_WARN_UNUSED_FUNCTION = YES;
				GCC_WARN_UNUSED_VARIABLE = YES;
				IPHONEOS_DEPLOYMENT_TARGET = 13.4;
				LD_RUNPATH_SEARCH_PATHS = (
					/usr/lib/swift,
					"$(inherited)",
				);
				LIBRARY_SEARCH_PATHS = (
					"\"$(SDKROOT)/usr/lib/swift\"",
					"\"$(TOOLCHAIN_DIR)/usr/lib/swift/$(PLATFORM_NAME)\"",
					"\"$(inherited)\"",
				);
				MTL_ENABLE_DEBUG_INFO = YES;
				ONLY_ACTIVE_ARCH = YES;
				OTHER_CFLAGS = "$(inherited)";
				OTHER_CPLUSPLUSFLAGS = (
					"$(OTHER_CFLAGS)",
					"-DFOLLY_NO_CONFIG",
					"-DFOLLY_MOBILE=1",
					"-DFOLLY_USE_LIBCPP=1",
					"-DFOLLY_CFG_NO_COROUTINES=1",
				);
				OTHER_LDFLAGS = (
					"$(inherited)",
					"-Wl",
					"-ld_classic",
				);
				REACT_NATIVE_PATH = "${PODS_ROOT}/../../node_modules/react-native";
				SDKROOT = iphoneos;
				USE_HERMES = true;
			};
			name = Debug;
		};
		83CBBA211A601CBA00E9B192 /* Release */ = {
			isa = XCBuildConfiguration;
			buildSettings = {
				ALWAYS_SEARCH_USER_PATHS = NO;
				CLANG_ANALYZER_LOCALIZABILITY_NONLOCALIZED = YES;
				CLANG_CXX_LANGUAGE_STANDARD = "c++20";
				CLANG_CXX_LIBRARY = "libc++";
				CLANG_ENABLE_MODULES = YES;
				CLANG_ENABLE_OBJC_ARC = YES;
				CLANG_WARN_BLOCK_CAPTURE_AUTORELEASING = YES;
				CLANG_WARN_BOOL_CONVERSION = YES;
				CLANG_WARN_COMMA = YES;
				CLANG_WARN_CONSTANT_CONVERSION = YES;
				CLANG_WARN_DEPRECATED_OBJC_IMPLEMENTATIONS = YES;
				CLANG_WARN_DIRECT_OBJC_ISA_USAGE = YES_ERROR;
				CLANG_WARN_EMPTY_BODY = YES;
				CLANG_WARN_ENUM_CONVERSION = YES;
				CLANG_WARN_INFINITE_RECURSION = YES;
				CLANG_WARN_INT_CONVERSION = YES;
				CLANG_WARN_NON_LITERAL_NULL_CONVERSION = YES;
				CLANG_WARN_OBJC_IMPLICIT_RETAIN_SELF = YES;
				CLANG_WARN_OBJC_LITERAL_CONVERSION = YES;
				CLANG_WARN_OBJC_ROOT_CLASS = YES_ERROR;
				CLANG_WARN_QUOTED_INCLUDE_IN_FRAMEWORK_HEADER = YES;
				CLANG_WARN_RANGE_LOOP_ANALYSIS = YES;
				CLANG_WARN_STRICT_PROTOTYPES = YES;
				CLANG_WARN_SUSPICIOUS_MOVE = YES;
				CLANG_WARN_UNREACHABLE_CODE = YES;
				CLANG_WARN__DUPLICATE_METHOD_MATCH = YES;
				"CODE_SIGN_IDENTITY[sdk=iphoneos*]" = "iPhone Developer";
				COPY_PHASE_STRIP = YES;
				ENABLE_NS_ASSERTIONS = NO;
				ENABLE_STRICT_OBJC_MSGSEND = YES;
				"EXCLUDED_ARCHS[sdk=iphonesimulator*]" = i386;
				GCC_C_LANGUAGE_STANDARD = gnu99;
				GCC_NO_COMMON_BLOCKS = YES;
				GCC_WARN_64_TO_32_BIT_CONVERSION = YES;
				GCC_WARN_ABOUT_RETURN_TYPE = YES_ERROR;
				GCC_WARN_UNDECLARED_SELECTOR = YES;
				GCC_WARN_UNINITIALIZED_AUTOS = YES_AGGRESSIVE;
				GCC_WARN_UNUSED_FUNCTION = YES;
				GCC_WARN_UNUSED_VARIABLE = YES;
				IPHONEOS_DEPLOYMENT_TARGET = 13.4;
				LD_RUNPATH_SEARCH_PATHS = (
					/usr/lib/swift,
					"$(inherited)",
				);
				LIBRARY_SEARCH_PATHS = (
					"\"$(SDKROOT)/usr/lib/swift\"",
					"\"$(TOOLCHAIN_DIR)/usr/lib/swift/$(PLATFORM_NAME)\"",
					"\"$(inherited)\"",
				);
				MTL_ENABLE_DEBUG_INFO = NO;
				OTHER_CFLAGS = "$(inherited)";
				OTHER_CPLUSPLUSFLAGS = (
					"$(OTHER_CFLAGS)",
					"-DFOLLY_NO_CONFIG",
					"-DFOLLY_MOBILE=1",
					"-DFOLLY_USE_LIBCPP=1",
					"-DFOLLY_CFG_NO_COROUTINES=1",
				);
				OTHER_LDFLAGS = (
					"$(inherited)",
					"-Wl",
					"-ld_classic",
				);
				REACT_NATIVE_PATH = "${PODS_ROOT}/../../node_modules/react-native";
				SDKROOT = iphoneos;
				USE_HERMES = true;
				VALIDATE_PRODUCT = YES;
			};
			name = Release;
		};
/* End XCBuildConfiguration section */

/* Begin XCConfigurationList section */
		00E357021AD99517003FC87E /* Build configuration list for PBXNativeTarget "ITA_Labs_MobileTests" */ = {
			isa = XCConfigurationList;
			buildConfigurations = (
				00E356F61AD99517003FC87E /* Debug */,
				00E356F71AD99517003FC87E /* Release */,
			);
			defaultConfigurationIsVisible = 0;
			defaultConfigurationName = Release;
		};
		13B07F931A680F5B00A75B9A /* Build configuration list for PBXNativeTarget "ITA_Labs_Mobile" */ = {
			isa = XCConfigurationList;
			buildConfigurations = (
				13B07F941A680F5B00A75B9A /* Debug */,
				13B07F951A680F5B00A75B9A /* Release */,
			);
			defaultConfigurationIsVisible = 0;
			defaultConfigurationName = Release;
		};
		83CBB9FA1A601CBA00E9B192 /* Build configuration list for PBXProject "ITA_Labs_Mobile" */ = {
			isa = XCConfigurationList;
			buildConfigurations = (
				83CBBA201A601CBA00E9B192 /* Debug */,
				83CBBA211A601CBA00E9B192 /* Release */,
			);
			defaultConfigurationIsVisible = 0;
			defaultConfigurationName = Release;
		};
/* End XCConfigurationList section */
	};
	rootObject = 83CBB9F71A601CBA00E9B192 /* Project object */;
}
